
Microsoft Visual Studio Solution File, Format Version 12.00
# Visual Studio Version 16
VisualStudioVersion = 16.0.29102.190
MinimumVisualStudioVersion = 10.0.40219.1
Project("{FAE04EC0-301F-11D3-BF4B-00C04F79EFBC}") = "MiniLauncher", "MiniLauncher\MiniLauncher.csproj", "{D4CBCE58-199D-4A88-A001-A954407600A3}"
EndProject
Project("{FAE04EC0-301F-11D3-BF4B-00C04F79EFBC}") = "PatchGenerator", "PatchGenerator\PatchGenerator.csproj", "{E43C3FF4-2396-461F-9250-3A426E1D775D}"
EndProject
Project("{FAE04EC0-301F-11D3-BF4B-00C04F79EFBC}") = "MiniLauncherStyle", "MiniLauncherStyle\MiniLauncherStyle.csproj", "{1481204A-D5DC-44CA-8772-C44C63003A01}"
EndProject
Project("{FAE04EC0-301F-11D3-BF4B-00C04F79EFBC}") = "MiniLauncherCore", "MiniLauncherCore\MiniLauncherCore.csproj", "{D0C8A7A3-C6B9-4474-A095-4D2087F4B6E2}"
EndProject
Global
	GlobalSection(SolutionConfigurationPlatforms) = preSolution
		Debug|Any CPU = Debug|Any CPU
		Debug|x64 = Debug|x64
		Debug|x86 = Debug|x86
		Release|Any CPU = Release|Any CPU
		Release|x64 = Release|x64
		Release|x86 = Release|x86
	EndGlobalSection
	GlobalSection(ProjectConfigurationPlatforms) = postSolution
		{D4CBCE58-199D-4A88-A001-A954407600A3}.Debug|Any CPU.ActiveCfg = Debug|Any CPU
		{D4CBCE58-199D-4A88-A001-A954407600A3}.Debug|Any CPU.Build.0 = Debug|Any CPU
		{D4CBCE58-199D-4A88-A001-A954407600A3}.Debug|x64.ActiveCfg = Debug|Any CPU
		{D4CBCE58-199D-4A88-A001-A954407600A3}.Debug|x64.Build.0 = Debug|Any CPU
		{D4CBCE58-199D-4A88-A001-A954407600A3}.Debug|x86.ActiveCfg = Debug|Any CPU
		{D4CBCE58-199D-4A88-A001-A954407600A3}.Debug|x86.Build.0 = Debug|Any CPU
		{D4CBCE58-199D-4A88-A001-A954407600A3}.Release|Any CPU.ActiveCfg = Release|Any CPU
		{D4CBCE58-199D-4A88-A001-A954407600A3}.Release|Any CPU.Build.0 = Release|Any CPU
		{D4CBCE58-199D-4A88-A001-A954407600A3}.Release|x64.ActiveCfg = Release|Any CPU
		{D4CBCE58-199D-4A88-A001-A954407600A3}.Release|x64.Build.0 = Release|Any CPU
		{D4CBCE58-199D-4A88-A001-A954407600A3}.Release|x86.ActiveCfg = Release|Any CPU
		{D4CBCE58-199D-4A88-A001-A954407600A3}.Release|x86.Build.0 = Release|Any CPU
		{E43C3FF4-2396-461F-9250-3A426E1D775D}.Debug|Any CPU.ActiveCfg = Debug|Any CPU
		{E43C3FF4-2396-461F-9250-3A426E1D775D}.Debug|Any CPU.Build.0 = Debug|Any CPU
		{E43C3FF4-2396-461F-9250-3A426E1D775D}.Debug|x64.ActiveCfg = Debug|Any CPU
		{E43C3FF4-2396-461F-9250-3A426E1D775D}.Debug|x64.Build.0 = Debug|Any CPU
		{E43C3FF4-2396-461F-9250-3A426E1D775D}.Debug|x86.ActiveCfg = Debug|Any CPU
		{E43C3FF4-2396-461F-9250-3A426E1D775D}.Debug|x86.Build.0 = Debug|Any CPU
		{E43C3FF4-2396-461F-9250-3A426E1D775D}.Release|Any CPU.ActiveCfg = Release|Any CPU
		{E43C3FF4-2396-461F-9250-3A426E1D775D}.Release|Any CPU.Build.0 = Release|Any CPU
		{E43C3FF4-2396-461F-9250-3A426E1D775D}.Release|x64.ActiveCfg = Release|Any CPU
		{E43C3FF4-2396-461F-9250-3A426E1D775D}.Release|x64.Build.0 = Release|Any CPU
		{E43C3FF4-2396-461F-9250-3A426E1D775D}.Release|x86.ActiveCfg = Release|Any CPU
		{E43C3FF4-2396-461F-9250-3A426E1D775D}.Release|x86.Build.0 = Release|Any CPU
		{1481204A-D5DC-44CA-8772-C44C63003A01}.Debug|Any CPU.ActiveCfg = Debug|Any CPU
		{1481204A-D5DC-44CA-8772-C44C63003A01}.Debug|Any CPU.Build.0 = Debug|Any CPU
		{1481204A-D5DC-44CA-8772-C44C63003A01}.Debug|x64.ActiveCfg = Debug|Any CPU
		{1481204A-D5DC-44CA-8772-C44C63003A01}.Debug|x64.Build.0 = Debug|Any CPU
		{1481204A-D5DC-44CA-8772-C44C63003A01}.Debug|x86.ActiveCfg = Debug|Any CPU
		{1481204A-D5DC-44CA-8772-C44C63003A01}.Debug|x86.Build.0 = Debug|Any CPU
		{1481204A-D5DC-44CA-8772-C44C63003A01}.Release|Any CPU.ActiveCfg = Release|Any CPU
		{1481204A-D5DC-44CA-8772-C44C63003A01}.Release|Any CPU.Build.0 = Release|Any CPU
		{1481204A-D5DC-44CA-8772-C44C63003A01}.Release|x64.ActiveCfg = Release|Any CPU
		{1481204A-D5DC-44CA-8772-C44C63003A01}.Release|x64.Build.0 = Release|Any CPU
		{1481204A-D5DC-44CA-8772-C44C63003A01}.Release|x86.ActiveCfg = Release|Any CPU
		{1481204A-D5DC-44CA-8772-C44C63003A01}.Release|x86.Build.0 = Release|Any CPU
		{D0C8A7A3-C6B9-4474-A095-4D2087F4B6E2}.Debug|Any CPU.ActiveCfg = Debug|Any CPU
		{D0C8A7A3-C6B9-4474-A095-4D2087F4B6E2}.Debug|Any CPU.Build.0 = Debug|Any CPU
		{D0C8A7A3-C6B9-4474-A095-4D2087F4B6E2}.Debug|x64.ActiveCfg = Debug|Any CPU
		{D0C8A7A3-C6B9-4474-A095-4D2087F4B6E2}.Debug|x64.Build.0 = Debug|Any CPU
		{D0C8A7A3-C6B9-4474-A095-4D2087F4B6E2}.Debug|x86.ActiveCfg = Debug|Any CPU
		{D0C8A7A3-C6B9-4474-A095-4D2087F4B6E2}.Debug|x86.Build.0 = Debug|Any CPU
		{D0C8A7A3-C6B9-4474-A095-4D2087F4B6E2}.Release|Any CPU.ActiveCfg = Release|Any CPU
		{D0C8A7A3-C6B9-4474-A095-4D2087F4B6E2}.Release|Any CPU.Build.0 = Release|Any CPU
		{D0C8A7A3-C6B9-4474-A095-4D2087F4B6E2}.Release|x64.ActiveCfg = Release|Any CPU
		{D0C8A7A3-C6B9-4474-A095-4D2087F4B6E2}.Release|x64.Build.0 = Release|Any CPU
		{D0C8A7A3-C6B9-4474-A095-4D2087F4B6E2}.Release|x86.ActiveCfg = Release|Any CPU
		{D0C8A7A3-C6B9-4474-A095-4D2087F4B6E2}.Release|x86.Build.0 = Release|Any CPU
	EndGlobalSection
	GlobalSection(SolutionProperties) = preSolution
		HideSolutionNode = FALSE
	EndGlobalSection
	GlobalSection(ExtensibilityGlobals) = postSolution
		SolutionGuid = {51DCF1B6-F1F1-48D4-9FF3-BC59E230E8C0}
	EndGlobalSection
EndGlobal
